<?xml version="1.0" encoding="utf-8"?>
<Project ToolsVersion="4.0" xmlns="http://schemas.microsoft.com/developer/msbuild/2003">
  <ItemGroup>
    <Filter Include="Source Files">
      <UniqueIdentifier>{4FC737F1-C7A5-4376-A066-2A32D752A2FF}</UniqueIdentifier>
      <Extensions>cpp;c;cc;cxx;c++;cppm;ixx;def;odl;idl;hpj;bat;asm;asmx</Extensions>
    </Filter>
    <Filter Include="Header Files">
      <UniqueIdentifier>{93995380-89BD-4b04-88EB-625FBE52EBFB}</UniqueIdentifier>
      <Extensions>h;hh;hpp;hxx;h++;hm;inl;inc;ipp;xsd</Extensions>
    </Filter>
    <Filter Include="Resource Files">
      <UniqueIdentifier>{67DA6AB6-F800-4c08-8B7A-83BB121AAD01}</UniqueIdentifier>
      <Extensions>rc;ico;cur;bmp;dlg;rc2;rct;bin;rgs;gif;jpg;jpeg;jpe;resx;tiff;tif;png;wav;mfcribbon-ms</Extensions>
    </Filter>
    <Filter Include="Header Files\modules">
      <UniqueIdentifier>{34892ce4-4af7-464f-a586-9462039a87a1}</UniqueIdentifier>
    </Filter>
  </ItemGroup>
  <ItemGroup>
    <ClCompile Include="Source.cpp">
      <Filter>Source Files</Filter>
    </ClCompile>
  </ItemGroup>
  <ItemGroup>
    <ClInclude Include="def.h">
      <Filter>Header Files</Filter>
    </ClInclude>
    <ClInclude Include="init.h">
      <Filter>Header Files</Filter>
    </ClInclude>
    <ClInclude Include="mem.h">
      <Filter>Header Files</Filter>
    </ClInclude>
    <ClInclude Include="osu_def.h">
      <Filter>Header Files</Filter>
    </ClInclude>
    <ClInclude Include="osu_tick.h">
      <Filter>Header Files</Filter>
    </ClInclude>
    <ClInclude Include="AQM.h">
      <Filter>Header Files</Filter>
    </ClInclude>
    <ClInclude Include="osu_window.h">
      <Filter>Header Files</Filter>
    </ClInclude>
    <ClInclude Include="modules\modules.h">
      <Filter>Header Files\modules</Filter>
    </ClInclude>
    <ClInclude Include="modules\autobot.h">
      <Filter>Header Files\modules</Filter>
    </ClInclude>
    <ClInclude Include="modules\timewarp.h">
      <Filter>Header Files\modules</Filter>
    </ClInclude>
    <ClInclude Include="osu_enum.h">
      <Filter>Header Files</Filter>
    </ClInclude>
    <ClInclude Include="modules\aim_assist.h">
      <Filter>Header Files\modules</Filter>
    </ClInclude>
    <ClInclude Include="modules\enlighten.h">
      <Filter>Header Files\modules</Filter>
    </ClInclude>
  </ItemGroup>
</Project>